
Microsoft Visual Studio Solution File, Format Version 12.00
# Visual Studio 15
Project("{FAE04EC0-301F-11D3-BF4B-00C04F79EFBC}") = "HoloCorso", "HoloCorso.csproj", "{A49A382B-5AED-8B9D-E211-F560C7CBE13B}"
EndProject
Project("{FAE04EC0-301F-11D3-BF4B-00C04F79EFBC}") = "HoloCorso.Editor", "HoloCorso.Editor.csproj", "{2D580874-CCE9-C258-913C-8B4F0E75C861}"
EndProject
Global
	GlobalSection(SolutionConfigurationPlatforms) = preSolution
		Debug|Any CPU = Debug|Any CPU
		Release|Any CPU = Release|Any CPU
	EndGlobalSection
	GlobalSection(ProjectConfigurationPlatforms) = postSolution
		{A49A382B-5AED-8B9D-E211-F560C7CBE13B}.Debug|Any CPU.ActiveCfg = Debug|Any CPU
		{A49A382B-5AED-8B9D-E211-F560C7CBE13B}.Debug|Any CPU.Build.0 = Debug|Any CPU
		{A49A382B-5AED-8B9D-E211-F560C7CBE13B}.Release|Any CPU.ActiveCfg = Release|Any CPU
		{A49A382B-5AED-8B9D-E211-F560C7CBE13B}.Release|Any CPU.Build.0 = Release|Any CPU
		{2D580874-CCE9-C258-913C-8B4F0E75C861}.Debug|Any CPU.ActiveCfg = Debug|Any CPU
		{2D580874-CCE9-C258-913C-8B4F0E75C861}.Debug|Any CPU.Build.0 = Debug|Any CPU
		{2D580874-CCE9-C258-913C-8B4F0E75C861}.Release|Any CPU.ActiveCfg = Release|Any CPU
		{2D580874-CCE9-C258-913C-8B4F0E75C861}.Release|Any CPU.Build.0 = Release|Any CPU
	EndGlobalSection
	GlobalSection(SolutionProperties) = preSolution
		HideSolutionNode = FALSE
	EndGlobalSection
EndGlobal
